{
  "name": "ascii-pixels",
  "version": "1.1.0",
  "lockfileVersion": 1,
  "requires": true,
  "dependencies": {
    "jpeg-js": {
      "version": "0.3.4",
      "resolved": "https://registry.npmjs.org/jpeg-js/-/jpeg-js-0.3.4.tgz",
      "integrity": "sha512-6IzjQxvnlT8UlklNmDXIJMWxijULjqGrzgqc0OG7YadZdvm7KPQ1j0ehmQQHckgEWOfgpptzcnWgESovxudpTA==",
      "dev": true
    }
  }
}
